
Microsoft Visual Studio Solution File, Format Version 12.00
# Visual Studio Version 17
VisualStudioVersion = 17.6.33815.320
MinimumVisualStudioVersion = 10.0.40219.1
Project("{9A19103F-16F7-4668-BE54-9A1E7A4F7556}") = "Core", "dev\Core\Core.csproj", "{26CEC4CD-751F-4064-918F-C876C1A83E40}"
EndProject
Project("{9A19103F-16F7-4668-BE54-9A1E7A4F7556}") = "LandingPages", "dev\LandingPages\LandingPages.csproj", "{A8EDC2B9-3385-4198-A720-5DF3DB804C43}"
EndProject
Project("{9A19103F-16F7-4668-BE54-9A1E7A4F7556}") = "ContextMenuExtensions", "dev\ContextMenuExtensions\ContextMenuExtensions.csproj", "{313A9EFC-9B4D-4082-A54F-88D78D458A0D}"
EndProject
Project("{9A19103F-16F7-4668-BE54-9A1E7A4F7556}") = "Components", "dev\Components\Components.csproj", "{B79F3A01-5AB6-4E0A-A06F-70BBFD6EBEDC}"
EndProject
Project("{9A19103F-16F7-4668-BE54-9A1E7A4F7556}") = "Win2D", "dev\Win2D\Win2D.csproj", "{8A78D961-AFBB-4C7B-940F-81C944C50E3E}"
EndProject
Project("{2150E333-8FDC-42A3-9474-1A3956D46DE8}") = "Solution Items", "Solution Items", "{6F361F19-8D50-4094-AE95-B59CC13676D0}"
	ProjectSection(SolutionItems) = preProject
		.editorconfig = .editorconfig
		.gitignore = .gitignore
		CHANGELOG.md = CHANGELOG.md
		Directory.Build.props = Directory.Build.props
		LICENSE = LICENSE
		README.md = README.md
		settings.xamlstyler = settings.xamlstyler
	EndProjectSection
EndProject
Project("{2150E333-8FDC-42A3-9474-1A3956D46DE8}") = "Workflows", "Workflows", "{A7E91045-BCE4-461A-92B4-7F00B760603D}"
	ProjectSection(SolutionItems) = preProject
		.github\workflows\dotnet-release.yml = .github\workflows\dotnet-release.yml
	EndProjectSection
EndProject
Project("{9A19103F-16F7-4668-BE54-9A1E7A4F7556}") = "WinUICommunityGallery", "Caly\WinUICommunityGallery.csproj", "{1CCBD0AD-ECBB-4854-AC6C-294E995BDCFE}"
EndProject
Project("{2150E333-8FDC-42A3-9474-1A3956D46DE8}") = "Depends", "Depends", "{42FF79DD-DF9D-4741-BAA5-48D4B8C951C8}"
EndProject
Project("{9A19103F-16F7-4668-BE54-9A1E7A4F7556}") = "UglyToad.PdfPig", "WinPdfpig\src\UglyToad.PdfPig\UglyToad.PdfPig.csproj", "{6AFF03A6-E323-49ED-82D5-E1F9115296D6}"
EndProject
Project("{9A19103F-16F7-4668-BE54-9A1E7A4F7556}") = "UglyToad.PdfPig.Core", "WinPdfpig\src\UglyToad.PdfPig.Core\UglyToad.PdfPig.Core.csproj", "{22494344-D078-4AF7-A009-FE418B328145}"
EndProject
Project("{9A19103F-16F7-4668-BE54-9A1E7A4F7556}") = "UglyToad.PdfPig.DocumentLayoutAnalysis", "WinPdfpig\src\UglyToad.PdfPig.DocumentLayoutAnalysis\UglyToad.PdfPig.DocumentLayoutAnalysis.csproj", "{1AD61D4E-A9D3-498C-89FB-312A40FA2094}"
EndProject
Project("{9A19103F-16F7-4668-BE54-9A1E7A4F7556}") = "UglyToad.PdfPig.Tokenization", "WinPdfpig\src\UglyToad.PdfPig.Tokenization\UglyToad.PdfPig.Tokenization.csproj", "{CF044ECE-2A8F-4C12-AF3E-3C8FA2A8B587}"
EndProject
Project("{9A19103F-16F7-4668-BE54-9A1E7A4F7556}") = "UglyToad.PdfPig.Tokens", "WinPdfpig\src\UglyToad.PdfPig.Tokens\UglyToad.PdfPig.Tokens.csproj", "{914B4FB7-9859-4181-B05E-D2DC6E634B33}"
EndProject
Project("{2150E333-8FDC-42A3-9474-1A3956D46DE8}") = "UglyToad", "UglyToad", "{76006D6F-04F7-4F7D-BAF3-A7E07ACE9E92}"
EndProject
Project("{9A19103F-16F7-4668-BE54-9A1E7A4F7556}") = "UglyToad.PdfPig.Fonts", "WinPdfpig\src\UglyToad.PdfPig.Fonts\UglyToad.PdfPig.Fonts.csproj", "{0FF133DE-589D-4787-8BC0-8B98CDDE78A2}"
EndProject
Project("{2150E333-8FDC-42A3-9474-1A3956D46DE8}") = "Controls", "Controls", "{17477B1D-BA50-44FD-A176-08266A892DD7}"
EndProject
Project("{9A19103F-16F7-4668-BE54-9A1E7A4F7556}") = "InkCanvas.projection", "InkCanvas.projection\InkCanvas.projection.csproj", "{A7818214-8F0B-4265-98C9-A48C34811E56}"
EndProject
Project("{8BC9CEB8-8B4A-11D0-8D11-00A0C91BC942}") = "InkCanvasControl", "InkCanvasControl\InkCanvasControl.vcxproj", "{CBF0507F-8C07-498A-91F5-E3E65ABADC5E}"
EndProject
Global
	GlobalSection(SolutionConfigurationPlatforms) = preSolution
		Debug|Any CPU = Debug|Any CPU
		Debug|ARM = Debug|ARM
		Debug|ARM64 = Debug|ARM64
		Debug|x64 = Debug|x64
		Debug|x86 = Debug|x86
		Release|Any CPU = Release|Any CPU
		Release|ARM = Release|ARM
		Release|ARM64 = Release|ARM64
		Release|x64 = Release|x64
		Release|x86 = Release|x86
	EndGlobalSection
	GlobalSection(ProjectConfigurationPlatforms) = postSolution
		{26CEC4CD-751F-4064-918F-C876C1A83E40}.Debug|Any CPU.ActiveCfg = Debug|Any CPU
		{26CEC4CD-751F-4064-918F-C876C1A83E40}.Debug|Any CPU.Build.0 = Debug|Any CPU
		{26CEC4CD-751F-4064-918F-C876C1A83E40}.Debug|ARM.ActiveCfg = Debug|Any CPU
		{26CEC4CD-751F-4064-918F-C876C1A83E40}.Debug|ARM.Build.0 = Debug|Any CPU
		{26CEC4CD-751F-4064-918F-C876C1A83E40}.Debug|ARM64.ActiveCfg = Debug|Any CPU
		{26CEC4CD-751F-4064-918F-C876C1A83E40}.Debug|ARM64.Build.0 = Debug|Any CPU
		{26CEC4CD-751F-4064-918F-C876C1A83E40}.Debug|x64.ActiveCfg = Debug|Any CPU
		{26CEC4CD-751F-4064-918F-C876C1A83E40}.Debug|x64.Build.0 = Debug|Any CPU
		{26CEC4CD-751F-4064-918F-C876C1A83E40}.Debug|x86.ActiveCfg = Debug|Any CPU
		{26CEC4CD-751F-4064-918F-C876C1A83E40}.Debug|x86.Build.0 = Debug|Any CPU
		{26CEC4CD-751F-4064-918F-C876C1A83E40}.Release|Any CPU.ActiveCfg = Release|Any CPU
		{26CEC4CD-751F-4064-918F-C876C1A83E40}.Release|Any CPU.Build.0 = Release|Any CPU
		{26CEC4CD-751F-4064-918F-C876C1A83E40}.Release|ARM.ActiveCfg = Release|Any CPU
		{26CEC4CD-751F-4064-918F-C876C1A83E40}.Release|ARM.Build.0 = Release|Any CPU
		{26CEC4CD-751F-4064-918F-C876C1A83E40}.Release|ARM64.ActiveCfg = Release|Any CPU
		{26CEC4CD-751F-4064-918F-C876C1A83E40}.Release|ARM64.Build.0 = Release|Any CPU
		{26CEC4CD-751F-4064-918F-C876C1A83E40}.Release|x64.ActiveCfg = Release|Any CPU
		{26CEC4CD-751F-4064-918F-C876C1A83E40}.Release|x64.Build.0 = Release|Any CPU
		{26CEC4CD-751F-4064-918F-C876C1A83E40}.Release|x86.ActiveCfg = Release|Any CPU
		{26CEC4CD-751F-4064-918F-C876C1A83E40}.Release|x86.Build.0 = Release|Any CPU
		{A8EDC2B9-3385-4198-A720-5DF3DB804C43}.Debug|Any CPU.ActiveCfg = Debug|Any CPU
		{A8EDC2B9-3385-4198-A720-5DF3DB804C43}.Debug|Any CPU.Build.0 = Debug|Any CPU
		{A8EDC2B9-3385-4198-A720-5DF3DB804C43}.Debug|ARM.ActiveCfg = Debug|Any CPU
		{A8EDC2B9-3385-4198-A720-5DF3DB804C43}.Debug|ARM.Build.0 = Debug|Any CPU
		{A8EDC2B9-3385-4198-A720-5DF3DB804C43}.Debug|ARM64.ActiveCfg = Debug|Any CPU
		{A8EDC2B9-3385-4198-A720-5DF3DB804C43}.Debug|ARM64.Build.0 = Debug|Any CPU
		{A8EDC2B9-3385-4198-A720-5DF3DB804C43}.Debug|x64.ActiveCfg = Debug|Any CPU
		{A8EDC2B9-3385-4198-A720-5DF3DB804C43}.Debug|x64.Build.0 = Debug|Any CPU
		{A8EDC2B9-3385-4198-A720-5DF3DB804C43}.Debug|x86.ActiveCfg = Debug|Any CPU
		{A8EDC2B9-3385-4198-A720-5DF3DB804C43}.Debug|x86.Build.0 = Debug|Any CPU
		{A8EDC2B9-3385-4198-A720-5DF3DB804C43}.Release|Any CPU.ActiveCfg = Release|Any CPU
		{A8EDC2B9-3385-4198-A720-5DF3DB804C43}.Release|Any CPU.Build.0 = Release|Any CPU
		{A8EDC2B9-3385-4198-A720-5DF3DB804C43}.Release|ARM.ActiveCfg = Release|Any CPU
		{A8EDC2B9-3385-4198-A720-5DF3DB804C43}.Release|ARM.Build.0 = Release|Any CPU
		{A8EDC2B9-3385-4198-A720-5DF3DB804C43}.Release|ARM64.ActiveCfg = Release|Any CPU
		{A8EDC2B9-3385-4198-A720-5DF3DB804C43}.Release|ARM64.Build.0 = Release|Any CPU
		{A8EDC2B9-3385-4198-A720-5DF3DB804C43}.Release|x64.ActiveCfg = Release|Any CPU
		{A8EDC2B9-3385-4198-A720-5DF3DB804C43}.Release|x64.Build.0 = Release|Any CPU
		{A8EDC2B9-3385-4198-A720-5DF3DB804C43}.Release|x86.ActiveCfg = Release|Any CPU
		{A8EDC2B9-3385-4198-A720-5DF3DB804C43}.Release|x86.Build.0 = Release|Any CPU
		{313A9EFC-9B4D-4082-A54F-88D78D458A0D}.Debug|Any CPU.ActiveCfg = Debug|Any CPU
		{313A9EFC-9B4D-4082-A54F-88D78D458A0D}.Debug|Any CPU.Build.0 = Debug|Any CPU
		{313A9EFC-9B4D-4082-A54F-88D78D458A0D}.Debug|ARM.ActiveCfg = Debug|Any CPU
		{313A9EFC-9B4D-4082-A54F-88D78D458A0D}.Debug|ARM.Build.0 = Debug|Any CPU
		{313A9EFC-9B4D-4082-A54F-88D78D458A0D}.Debug|ARM64.ActiveCfg = Debug|Any CPU
		{313A9EFC-9B4D-4082-A54F-88D78D458A0D}.Debug|ARM64.Build.0 = Debug|Any CPU
		{313A9EFC-9B4D-4082-A54F-88D78D458A0D}.Debug|x64.ActiveCfg = Debug|Any CPU
		{313A9EFC-9B4D-4082-A54F-88D78D458A0D}.Debug|x64.Build.0 = Debug|Any CPU
		{313A9EFC-9B4D-4082-A54F-88D78D458A0D}.Debug|x86.ActiveCfg = Debug|Any CPU
		{313A9EFC-9B4D-4082-A54F-88D78D458A0D}.Debug|x86.Build.0 = Debug|Any CPU
		{313A9EFC-9B4D-4082-A54F-88D78D458A0D}.Release|Any CPU.ActiveCfg = Release|Any CPU
		{313A9EFC-9B4D-4082-A54F-88D78D458A0D}.Release|Any CPU.Build.0 = Release|Any CPU
		{313A9EFC-9B4D-4082-A54F-88D78D458A0D}.Release|ARM.ActiveCfg = Release|Any CPU
		{313A9EFC-9B4D-4082-A54F-88D78D458A0D}.Release|ARM.Build.0 = Release|Any CPU
		{313A9EFC-9B4D-4082-A54F-88D78D458A0D}.Release|ARM64.ActiveCfg = Release|Any CPU
		{313A9EFC-9B4D-4082-A54F-88D78D458A0D}.Release|ARM64.Build.0 = Release|Any CPU
		{313A9EFC-9B4D-4082-A54F-88D78D458A0D}.Release|x64.ActiveCfg = Release|Any CPU
		{313A9EFC-9B4D-4082-A54F-88D78D458A0D}.Release|x64.Build.0 = Release|Any CPU
		{313A9EFC-9B4D-4082-A54F-88D78D458A0D}.Release|x86.ActiveCfg = Release|Any CPU
		{313A9EFC-9B4D-4082-A54F-88D78D458A0D}.Release|x86.Build.0 = Release|Any CPU
		{B79F3A01-5AB6-4E0A-A06F-70BBFD6EBEDC}.Debug|Any CPU.ActiveCfg = Debug|Any CPU
		{B79F3A01-5AB6-4E0A-A06F-70BBFD6EBEDC}.Debug|Any CPU.Build.0 = Debug|Any CPU
		{B79F3A01-5AB6-4E0A-A06F-70BBFD6EBEDC}.Debug|ARM.ActiveCfg = Debug|Any CPU
		{B79F3A01-5AB6-4E0A-A06F-70BBFD6EBEDC}.Debug|ARM.Build.0 = Debug|Any CPU
		{B79F3A01-5AB6-4E0A-A06F-70BBFD6EBEDC}.Debug|ARM64.ActiveCfg = Debug|Any CPU
		{B79F3A01-5AB6-4E0A-A06F-70BBFD6EBEDC}.Debug|ARM64.Build.0 = Debug|Any CPU
		{B79F3A01-5AB6-4E0A-A06F-70BBFD6EBEDC}.Debug|x64.ActiveCfg = Debug|Any CPU
		{B79F3A01-5AB6-4E0A-A06F-70BBFD6EBEDC}.Debug|x64.Build.0 = Debug|Any CPU
		{B79F3A01-5AB6-4E0A-A06F-70BBFD6EBEDC}.Debug|x86.ActiveCfg = Debug|Any CPU
		{B79F3A01-5AB6-4E0A-A06F-70BBFD6EBEDC}.Debug|x86.Build.0 = Debug|Any CPU
		{B79F3A01-5AB6-4E0A-A06F-70BBFD6EBEDC}.Release|Any CPU.ActiveCfg = Release|Any CPU
		{B79F3A01-5AB6-4E0A-A06F-70BBFD6EBEDC}.Release|Any CPU.Build.0 = Release|Any CPU
		{B79F3A01-5AB6-4E0A-A06F-70BBFD6EBEDC}.Release|ARM.ActiveCfg = Release|Any CPU
		{B79F3A01-5AB6-4E0A-A06F-70BBFD6EBEDC}.Release|ARM.Build.0 = Release|Any CPU
		{B79F3A01-5AB6-4E0A-A06F-70BBFD6EBEDC}.Release|ARM64.ActiveCfg = Release|Any CPU
		{B79F3A01-5AB6-4E0A-A06F-70BBFD6EBEDC}.Release|ARM64.Build.0 = Release|Any CPU
		{B79F3A01-5AB6-4E0A-A06F-70BBFD6EBEDC}.Release|x64.ActiveCfg = Release|Any CPU
		{B79F3A01-5AB6-4E0A-A06F-70BBFD6EBEDC}.Release|x64.Build.0 = Release|Any CPU
		{B79F3A01-5AB6-4E0A-A06F-70BBFD6EBEDC}.Release|x86.ActiveCfg = Release|Any CPU
		{B79F3A01-5AB6-4E0A-A06F-70BBFD6EBEDC}.Release|x86.Build.0 = Release|Any CPU
		{8A78D961-AFBB-4C7B-940F-81C944C50E3E}.Debug|Any CPU.ActiveCfg = Debug|Any CPU
		{8A78D961-AFBB-4C7B-940F-81C944C50E3E}.Debug|Any CPU.Build.0 = Debug|Any CPU
		{8A78D961-AFBB-4C7B-940F-81C944C50E3E}.Debug|ARM.ActiveCfg = Debug|Any CPU
		{8A78D961-AFBB-4C7B-940F-81C944C50E3E}.Debug|ARM.Build.0 = Debug|Any CPU
		{8A78D961-AFBB-4C7B-940F-81C944C50E3E}.Debug|ARM64.ActiveCfg = Debug|Any CPU
		{8A78D961-AFBB-4C7B-940F-81C944C50E3E}.Debug|ARM64.Build.0 = Debug|Any CPU
		{8A78D961-AFBB-4C7B-940F-81C944C50E3E}.Debug|x64.ActiveCfg = Debug|Any CPU
		{8A78D961-AFBB-4C7B-940F-81C944C50E3E}.Debug|x64.Build.0 = Debug|Any CPU
		{8A78D961-AFBB-4C7B-940F-81C944C50E3E}.Debug|x86.ActiveCfg = Debug|Any CPU
		{8A78D961-AFBB-4C7B-940F-81C944C50E3E}.Debug|x86.Build.0 = Debug|Any CPU
		{8A78D961-AFBB-4C7B-940F-81C944C50E3E}.Release|Any CPU.ActiveCfg = Release|Any CPU
		{8A78D961-AFBB-4C7B-940F-81C944C50E3E}.Release|Any CPU.Build.0 = Release|Any CPU
		{8A78D961-AFBB-4C7B-940F-81C944C50E3E}.Release|ARM.ActiveCfg = Release|Any CPU
		{8A78D961-AFBB-4C7B-940F-81C944C50E3E}.Release|ARM.Build.0 = Release|Any CPU
		{8A78D961-AFBB-4C7B-940F-81C944C50E3E}.Release|ARM64.ActiveCfg = Release|Any CPU
		{8A78D961-AFBB-4C7B-940F-81C944C50E3E}.Release|ARM64.Build.0 = Release|Any CPU
		{8A78D961-AFBB-4C7B-940F-81C944C50E3E}.Release|x64.ActiveCfg = Release|Any CPU
		{8A78D961-AFBB-4C7B-940F-81C944C50E3E}.Release|x64.Build.0 = Release|Any CPU
		{8A78D961-AFBB-4C7B-940F-81C944C50E3E}.Release|x86.ActiveCfg = Release|Any CPU
		{8A78D961-AFBB-4C7B-940F-81C944C50E3E}.Release|x86.Build.0 = Release|Any CPU
		{1CCBD0AD-ECBB-4854-AC6C-294E995BDCFE}.Debug|Any CPU.ActiveCfg = Debug|x64
		{1CCBD0AD-ECBB-4854-AC6C-294E995BDCFE}.Debug|Any CPU.Build.0 = Debug|x64
		{1CCBD0AD-ECBB-4854-AC6C-294E995BDCFE}.Debug|ARM.ActiveCfg = Debug|x64
		{1CCBD0AD-ECBB-4854-AC6C-294E995BDCFE}.Debug|ARM.Build.0 = Debug|x64
		{1CCBD0AD-ECBB-4854-AC6C-294E995BDCFE}.Debug|ARM64.ActiveCfg = Debug|arm64
		{1CCBD0AD-ECBB-4854-AC6C-294E995BDCFE}.Debug|ARM64.Build.0 = Debug|arm64
		{1CCBD0AD-ECBB-4854-AC6C-294E995BDCFE}.Debug|x64.ActiveCfg = Debug|x64
		{1CCBD0AD-ECBB-4854-AC6C-294E995BDCFE}.Debug|x64.Build.0 = Debug|x64
		{1CCBD0AD-ECBB-4854-AC6C-294E995BDCFE}.Debug|x86.ActiveCfg = Debug|x86
		{1CCBD0AD-ECBB-4854-AC6C-294E995BDCFE}.Debug|x86.Build.0 = Debug|x86
		{1CCBD0AD-ECBB-4854-AC6C-294E995BDCFE}.Release|Any CPU.ActiveCfg = Release|x64
		{1CCBD0AD-ECBB-4854-AC6C-294E995BDCFE}.Release|Any CPU.Build.0 = Release|x64
		{1CCBD0AD-ECBB-4854-AC6C-294E995BDCFE}.Release|ARM.ActiveCfg = Release|x64
		{1CCBD0AD-ECBB-4854-AC6C-294E995BDCFE}.Release|ARM.Build.0 = Release|x64
		{1CCBD0AD-ECBB-4854-AC6C-294E995BDCFE}.Release|ARM64.ActiveCfg = Release|arm64
		{1CCBD0AD-ECBB-4854-AC6C-294E995BDCFE}.Release|ARM64.Build.0 = Release|arm64
		{1CCBD0AD-ECBB-4854-AC6C-294E995BDCFE}.Release|x64.ActiveCfg = Release|x64
		{1CCBD0AD-ECBB-4854-AC6C-294E995BDCFE}.Release|x64.Build.0 = Release|x64
		{1CCBD0AD-ECBB-4854-AC6C-294E995BDCFE}.Release|x86.ActiveCfg = Release|x86
		{1CCBD0AD-ECBB-4854-AC6C-294E995BDCFE}.Release|x86.Build.0 = Release|x86
		{6AFF03A6-E323-49ED-82D5-E1F9115296D6}.Debug|Any CPU.ActiveCfg = Debug|Any CPU
		{6AFF03A6-E323-49ED-82D5-E1F9115296D6}.Debug|Any CPU.Build.0 = Debug|Any CPU
		{6AFF03A6-E323-49ED-82D5-E1F9115296D6}.Debug|ARM.ActiveCfg = Debug|Any CPU
		{6AFF03A6-E323-49ED-82D5-E1F9115296D6}.Debug|ARM.Build.0 = Debug|Any CPU
		{6AFF03A6-E323-49ED-82D5-E1F9115296D6}.Debug|ARM64.ActiveCfg = Debug|Any CPU
		{6AFF03A6-E323-49ED-82D5-E1F9115296D6}.Debug|ARM64.Build.0 = Debug|Any CPU
		{6AFF03A6-E323-49ED-82D5-E1F9115296D6}.Debug|x64.ActiveCfg = Debug|Any CPU
		{6AFF03A6-E323-49ED-82D5-E1F9115296D6}.Debug|x64.Build.0 = Debug|Any CPU
		{6AFF03A6-E323-49ED-82D5-E1F9115296D6}.Debug|x86.ActiveCfg = Debug|Any CPU
		{6AFF03A6-E323-49ED-82D5-E1F9115296D6}.Debug|x86.Build.0 = Debug|Any CPU
		{6AFF03A6-E323-49ED-82D5-E1F9115296D6}.Release|Any CPU.ActiveCfg = Release|Any CPU
		{6AFF03A6-E323-49ED-82D5-E1F9115296D6}.Release|Any CPU.Build.0 = Release|Any CPU
		{6AFF03A6-E323-49ED-82D5-E1F9115296D6}.Release|ARM.ActiveCfg = Release|Any CPU
		{6AFF03A6-E323-49ED-82D5-E1F9115296D6}.Release|ARM.Build.0 = Release|Any CPU
		{6AFF03A6-E323-49ED-82D5-E1F9115296D6}.Release|ARM64.ActiveCfg = Release|Any CPU
		{6AFF03A6-E323-49ED-82D5-E1F9115296D6}.Release|ARM64.Build.0 = Release|Any CPU
		{6AFF03A6-E323-49ED-82D5-E1F9115296D6}.Release|x64.ActiveCfg = Release|Any CPU
		{6AFF03A6-E323-49ED-82D5-E1F9115296D6}.Release|x64.Build.0 = Release|Any CPU
		{6AFF03A6-E323-49ED-82D5-E1F9115296D6}.Release|x86.ActiveCfg = Release|Any CPU
		{6AFF03A6-E323-49ED-82D5-E1F9115296D6}.Release|x86.Build.0 = Release|Any CPU
		{22494344-D078-4AF7-A009-FE418B328145}.Debug|Any CPU.ActiveCfg = Debug|Any CPU
		{22494344-D078-4AF7-A009-FE418B328145}.Debug|Any CPU.Build.0 = Debug|Any CPU
		{22494344-D078-4AF7-A009-FE418B328145}.Debug|ARM.ActiveCfg = Debug|Any CPU
		{22494344-D078-4AF7-A009-FE418B328145}.Debug|ARM.Build.0 = Debug|Any CPU
		{22494344-D078-4AF7-A009-FE418B328145}.Debug|ARM64.ActiveCfg = Debug|Any CPU
		{22494344-D078-4AF7-A009-FE418B328145}.Debug|ARM64.Build.0 = Debug|Any CPU
		{22494344-D078-4AF7-A009-FE418B328145}.Debug|x64.ActiveCfg = Debug|Any CPU
		{22494344-D078-4AF7-A009-FE418B328145}.Debug|x64.Build.0 = Debug|Any CPU
		{22494344-D078-4AF7-A009-FE418B328145}.Debug|x86.ActiveCfg = Debug|Any CPU
		{22494344-D078-4AF7-A009-FE418B328145}.Debug|x86.Build.0 = Debug|Any CPU
		{22494344-D078-4AF7-A009-FE418B328145}.Release|Any CPU.ActiveCfg = Release|Any CPU
		{22494344-D078-4AF7-A009-FE418B328145}.Release|Any CPU.Build.0 = Release|Any CPU
		{22494344-D078-4AF7-A009-FE418B328145}.Release|ARM.ActiveCfg = Release|Any CPU
		{22494344-D078-4AF7-A009-FE418B328145}.Release|ARM.Build.0 = Release|Any CPU
		{22494344-D078-4AF7-A009-FE418B328145}.Release|ARM64.ActiveCfg = Release|Any CPU
		{22494344-D078-4AF7-A009-FE418B328145}.Release|ARM64.Build.0 = Release|Any CPU
		{22494344-D078-4AF7-A009-FE418B328145}.Release|x64.ActiveCfg = Release|Any CPU
		{22494344-D078-4AF7-A009-FE418B328145}.Release|x64.Build.0 = Release|Any CPU
		{22494344-D078-4AF7-A009-FE418B328145}.Release|x86.ActiveCfg = Release|Any CPU
		{22494344-D078-4AF7-A009-FE418B328145}.Release|x86.Build.0 = Release|Any CPU
		{1AD61D4E-A9D3-498C-89FB-312A40FA2094}.Debug|Any CPU.ActiveCfg = Debug|Any CPU
		{1AD61D4E-A9D3-498C-89FB-312A40FA2094}.Debug|Any CPU.Build.0 = Debug|Any CPU
		{1AD61D4E-A9D3-498C-89FB-312A40FA2094}.Debug|ARM.ActiveCfg = Debug|Any CPU
		{1AD61D4E-A9D3-498C-89FB-312A40FA2094}.Debug|ARM.Build.0 = Debug|Any CPU
		{1AD61D4E-A9D3-498C-89FB-312A40FA2094}.Debug|ARM64.ActiveCfg = Debug|Any CPU
		{1AD61D4E-A9D3-498C-89FB-312A40FA2094}.Debug|ARM64.Build.0 = Debug|Any CPU
		{1AD61D4E-A9D3-498C-89FB-312A40FA2094}.Debug|x64.ActiveCfg = Debug|Any CPU
		{1AD61D4E-A9D3-498C-89FB-312A40FA2094}.Debug|x64.Build.0 = Debug|Any CPU
		{1AD61D4E-A9D3-498C-89FB-312A40FA2094}.Debug|x86.ActiveCfg = Debug|Any CPU
		{1AD61D4E-A9D3-498C-89FB-312A40FA2094}.Debug|x86.Build.0 = Debug|Any CPU
		{1AD61D4E-A9D3-498C-89FB-312A40FA2094}.Release|Any CPU.ActiveCfg = Release|Any CPU
		{1AD61D4E-A9D3-498C-89FB-312A40FA2094}.Release|Any CPU.Build.0 = Release|Any CPU
		{1AD61D4E-A9D3-498C-89FB-312A40FA2094}.Release|ARM.ActiveCfg = Release|Any CPU
		{1AD61D4E-A9D3-498C-89FB-312A40FA2094}.Release|ARM.Build.0 = Release|Any CPU
		{1AD61D4E-A9D3-498C-89FB-312A40FA2094}.Release|ARM64.ActiveCfg = Release|Any CPU
		{1AD61D4E-A9D3-498C-89FB-312A40FA2094}.Release|ARM64.Build.0 = Release|Any CPU
		{1AD61D4E-A9D3-498C-89FB-312A40FA2094}.Release|x64.ActiveCfg = Release|Any CPU
		{1AD61D4E-A9D3-498C-89FB-312A40FA2094}.Release|x64.Build.0 = Release|Any CPU
		{1AD61D4E-A9D3-498C-89FB-312A40FA2094}.Release|x86.ActiveCfg = Release|Any CPU
		{1AD61D4E-A9D3-498C-89FB-312A40FA2094}.Release|x86.Build.0 = Release|Any CPU
		{CF044ECE-2A8F-4C12-AF3E-3C8FA2A8B587}.Debug|Any CPU.ActiveCfg = Debug|Any CPU
		{CF044ECE-2A8F-4C12-AF3E-3C8FA2A8B587}.Debug|Any CPU.Build.0 = Debug|Any CPU
		{CF044ECE-2A8F-4C12-AF3E-3C8FA2A8B587}.Debug|ARM.ActiveCfg = Debug|Any CPU
		{CF044ECE-2A8F-4C12-AF3E-3C8FA2A8B587}.Debug|ARM.Build.0 = Debug|Any CPU
		{CF044ECE-2A8F-4C12-AF3E-3C8FA2A8B587}.Debug|ARM64.ActiveCfg = Debug|Any CPU
		{CF044ECE-2A8F-4C12-AF3E-3C8FA2A8B587}.Debug|ARM64.Build.0 = Debug|Any CPU
		{CF044ECE-2A8F-4C12-AF3E-3C8FA2A8B587}.Debug|x64.ActiveCfg = Debug|Any CPU
		{CF044ECE-2A8F-4C12-AF3E-3C8FA2A8B587}.Debug|x64.Build.0 = Debug|Any CPU
		{CF044ECE-2A8F-4C12-AF3E-3C8FA2A8B587}.Debug|x86.ActiveCfg = Debug|Any CPU
		{CF044ECE-2A8F-4C12-AF3E-3C8FA2A8B587}.Debug|x86.Build.0 = Debug|Any CPU
		{CF044ECE-2A8F-4C12-AF3E-3C8FA2A8B587}.Release|Any CPU.ActiveCfg = Release|Any CPU
		{CF044ECE-2A8F-4C12-AF3E-3C8FA2A8B587}.Release|Any CPU.Build.0 = Release|Any CPU
		{CF044ECE-2A8F-4C12-AF3E-3C8FA2A8B587}.Release|ARM.ActiveCfg = Release|Any CPU
		{CF044ECE-2A8F-4C12-AF3E-3C8FA2A8B587}.Release|ARM.Build.0 = Release|Any CPU
		{CF044ECE-2A8F-4C12-AF3E-3C8FA2A8B587}.Release|ARM64.ActiveCfg = Release|Any CPU
		{CF044ECE-2A8F-4C12-AF3E-3C8FA2A8B587}.Release|ARM64.Build.0 = Release|Any CPU
		{CF044ECE-2A8F-4C12-AF3E-3C8FA2A8B587}.Release|x64.ActiveCfg = Release|Any CPU
		{CF044ECE-2A8F-4C12-AF3E-3C8FA2A8B587}.Release|x64.Build.0 = Release|Any CPU
		{CF044ECE-2A8F-4C12-AF3E-3C8FA2A8B587}.Release|x86.ActiveCfg = Release|Any CPU
		{CF044ECE-2A8F-4C12-AF3E-3C8FA2A8B587}.Release|x86.Build.0 = Release|Any CPU
		{914B4FB7-9859-4181-B05E-D2DC6E634B33}.Debug|Any CPU.ActiveCfg = Debug|Any CPU
		{914B4FB7-9859-4181-B05E-D2DC6E634B33}.Debug|Any CPU.Build.0 = Debug|Any CPU
		{914B4FB7-9859-4181-B05E-D2DC6E634B33}.Debug|ARM.ActiveCfg = Debug|Any CPU
		{914B4FB7-9859-4181-B05E-D2DC6E634B33}.Debug|ARM.Build.0 = Debug|Any CPU
		{914B4FB7-9859-4181-B05E-D2DC6E634B33}.Debug|ARM64.ActiveCfg = Debug|Any CPU
		{914B4FB7-9859-4181-B05E-D2DC6E634B33}.Debug|ARM64.Build.0 = Debug|Any CPU
		{914B4FB7-9859-4181-B05E-D2DC6E634B33}.Debug|x64.ActiveCfg = Debug|Any CPU
		{914B4FB7-9859-4181-B05E-D2DC6E634B33}.Debug|x64.Build.0 = Debug|Any CPU
		{914B4FB7-9859-4181-B05E-D2DC6E634B33}.Debug|x86.ActiveCfg = Debug|Any CPU
		{914B4FB7-9859-4181-B05E-D2DC6E634B33}.Debug|x86.Build.0 = Debug|Any CPU
		{914B4FB7-9859-4181-B05E-D2DC6E634B33}.Release|Any CPU.ActiveCfg = Release|Any CPU
		{914B4FB7-9859-4181-B05E-D2DC6E634B33}.Release|Any CPU.Build.0 = Release|Any CPU
		{914B4FB7-9859-4181-B05E-D2DC6E634B33}.Release|ARM.ActiveCfg = Release|Any CPU
		{914B4FB7-9859-4181-B05E-D2DC6E634B33}.Release|ARM.Build.0 = Release|Any CPU
		{914B4FB7-9859-4181-B05E-D2DC6E634B33}.Release|ARM64.ActiveCfg = Release|Any CPU
		{914B4FB7-9859-4181-B05E-D2DC6E634B33}.Release|ARM64.Build.0 = Release|Any CPU
		{914B4FB7-9859-4181-B05E-D2DC6E634B33}.Release|x64.ActiveCfg = Release|Any CPU
		{914B4FB7-9859-4181-B05E-D2DC6E634B33}.Release|x64.Build.0 = Release|Any CPU
		{914B4FB7-9859-4181-B05E-D2DC6E634B33}.Release|x86.ActiveCfg = Release|Any CPU
		{914B4FB7-9859-4181-B05E-D2DC6E634B33}.Release|x86.Build.0 = Release|Any CPU
		{0FF133DE-589D-4787-8BC0-8B98CDDE78A2}.Debug|Any CPU.ActiveCfg = Debug|Any CPU
		{0FF133DE-589D-4787-8BC0-8B98CDDE78A2}.Debug|Any CPU.Build.0 = Debug|Any CPU
		{0FF133DE-589D-4787-8BC0-8B98CDDE78A2}.Debug|ARM.ActiveCfg = Debug|Any CPU
		{0FF133DE-589D-4787-8BC0-8B98CDDE78A2}.Debug|ARM.Build.0 = Debug|Any CPU
		{0FF133DE-589D-4787-8BC0-8B98CDDE78A2}.Debug|ARM64.ActiveCfg = Debug|Any CPU
		{0FF133DE-589D-4787-8BC0-8B98CDDE78A2}.Debug|ARM64.Build.0 = Debug|Any CPU
		{0FF133DE-589D-4787-8BC0-8B98CDDE78A2}.Debug|x64.ActiveCfg = Debug|Any CPU
		{0FF133DE-589D-4787-8BC0-8B98CDDE78A2}.Debug|x64.Build.0 = Debug|Any CPU
		{0FF133DE-589D-4787-8BC0-8B98CDDE78A2}.Debug|x86.ActiveCfg = Debug|Any CPU
		{0FF133DE-589D-4787-8BC0-8B98CDDE78A2}.Debug|x86.Build.0 = Debug|Any CPU
		{0FF133DE-589D-4787-8BC0-8B98CDDE78A2}.Release|Any CPU.ActiveCfg = Release|Any CPU
		{0FF133DE-589D-4787-8BC0-8B98CDDE78A2}.Release|Any CPU.Build.0 = Release|Any CPU
		{0FF133DE-589D-4787-8BC0-8B98CDDE78A2}.Release|ARM.ActiveCfg = Release|Any CPU
		{0FF133DE-589D-4787-8BC0-8B98CDDE78A2}.Release|ARM.Build.0 = Release|Any CPU
		{0FF133DE-589D-4787-8BC0-8B98CDDE78A2}.Release|ARM64.ActiveCfg = Release|Any CPU
		{0FF133DE-589D-4787-8BC0-8B98CDDE78A2}.Release|ARM64.Build.0 = Release|Any CPU
		{0FF133DE-589D-4787-8BC0-8B98CDDE78A2}.Release|x64.ActiveCfg = Release|Any CPU
		{0FF133DE-589D-4787-8BC0-8B98CDDE78A2}.Release|x64.Build.0 = Release|Any CPU
		{0FF133DE-589D-4787-8BC0-8B98CDDE78A2}.Release|x86.ActiveCfg = Release|Any CPU
		{0FF133DE-589D-4787-8BC0-8B98CDDE78A2}.Release|x86.Build.0 = Release|Any CPU
		{A7818214-8F0B-4265-98C9-A48C34811E56}.Debug|Any CPU.ActiveCfg = Debug|Any CPU
		{A7818214-8F0B-4265-98C9-A48C34811E56}.Debug|Any CPU.Build.0 = Debug|Any CPU
		{A7818214-8F0B-4265-98C9-A48C34811E56}.Debug|ARM.ActiveCfg = Debug|Any CPU
		{A7818214-8F0B-4265-98C9-A48C34811E56}.Debug|ARM.Build.0 = Debug|Any CPU
		{A7818214-8F0B-4265-98C9-A48C34811E56}.Debug|ARM64.ActiveCfg = Debug|Any CPU
		{A7818214-8F0B-4265-98C9-A48C34811E56}.Debug|ARM64.Build.0 = Debug|Any CPU
		{A7818214-8F0B-4265-98C9-A48C34811E56}.Debug|x64.ActiveCfg = Debug|Any CPU
		{A7818214-8F0B-4265-98C9-A48C34811E56}.Debug|x64.Build.0 = Debug|Any CPU
		{A7818214-8F0B-4265-98C9-A48C34811E56}.Debug|x86.ActiveCfg = Debug|Any CPU
		{A7818214-8F0B-4265-98C9-A48C34811E56}.Debug|x86.Build.0 = Debug|Any CPU
		{A7818214-8F0B-4265-98C9-A48C34811E56}.Release|Any CPU.ActiveCfg = Release|Any CPU
		{A7818214-8F0B-4265-98C9-A48C34811E56}.Release|Any CPU.Build.0 = Release|Any CPU
		{A7818214-8F0B-4265-98C9-A48C34811E56}.Release|ARM.ActiveCfg = Release|Any CPU
		{A7818214-8F0B-4265-98C9-A48C34811E56}.Release|ARM.Build.0 = Release|Any CPU
		{A7818214-8F0B-4265-98C9-A48C34811E56}.Release|ARM64.ActiveCfg = Release|Any CPU
		{A7818214-8F0B-4265-98C9-A48C34811E56}.Release|ARM64.Build.0 = Release|Any CPU
		{A7818214-8F0B-4265-98C9-A48C34811E56}.Release|x64.ActiveCfg = Release|Any CPU
		{A7818214-8F0B-4265-98C9-A48C34811E56}.Release|x64.Build.0 = Release|Any CPU
		{A7818214-8F0B-4265-98C9-A48C34811E56}.Release|x86.ActiveCfg = Release|Any CPU
		{A7818214-8F0B-4265-98C9-A48C34811E56}.Release|x86.Build.0 = Release|Any CPU
		{CBF0507F-8C07-498A-91F5-E3E65ABADC5E}.Debug|Any CPU.ActiveCfg = Debug|x64
		{CBF0507F-8C07-498A-91F5-E3E65ABADC5E}.Debug|Any CPU.Build.0 = Debug|x64
		{CBF0507F-8C07-498A-91F5-E3E65ABADC5E}.Debug|ARM.ActiveCfg = Debug|x64
		{CBF0507F-8C07-498A-91F5-E3E65ABADC5E}.Debug|ARM.Build.0 = Debug|x64
		{CBF0507F-8C07-498A-91F5-E3E65ABADC5E}.Debug|ARM64.ActiveCfg = Debug|ARM64
		{CBF0507F-8C07-498A-91F5-E3E65ABADC5E}.Debug|ARM64.Build.0 = Debug|ARM64
		{CBF0507F-8C07-498A-91F5-E3E65ABADC5E}.Debug|x64.ActiveCfg = Debug|x64
		{CBF0507F-8C07-498A-91F5-E3E65ABADC5E}.Debug|x64.Build.0 = Debug|x64
		{CBF0507F-8C07-498A-91F5-E3E65ABADC5E}.Debug|x86.ActiveCfg = Debug|Win32
		{CBF0507F-8C07-498A-91F5-E3E65ABADC5E}.Debug|x86.Build.0 = Debug|Win32
		{CBF0507F-8C07-498A-91F5-E3E65ABADC5E}.Release|Any CPU.ActiveCfg = Release|x64
		{CBF0507F-8C07-498A-91F5-E3E65ABADC5E}.Release|Any CPU.Build.0 = Release|x64
		{CBF0507F-8C07-498A-91F5-E3E65ABADC5E}.Release|ARM.ActiveCfg = Release|x64
		{CBF0507F-8C07-498A-91F5-E3E65ABADC5E}.Release|ARM.Build.0 = Release|x64
		{CBF0507F-8C07-498A-91F5-E3E65ABADC5E}.Release|ARM64.ActiveCfg = Release|ARM64
		{CBF0507F-8C07-498A-91F5-E3E65ABADC5E}.Release|ARM64.Build.0 = Release|ARM64
		{CBF0507F-8C07-498A-91F5-E3E65ABADC5E}.Release|x64.ActiveCfg = Release|x64
		{CBF0507F-8C07-498A-91F5-E3E65ABADC5E}.Release|x64.Build.0 = Release|x64
		{CBF0507F-8C07-498A-91F5-E3E65ABADC5E}.Release|x86.ActiveCfg = Release|Win32
		{CBF0507F-8C07-498A-91F5-E3E65ABADC5E}.Release|x86.Build.0 = Release|Win32
	EndGlobalSection
	GlobalSection(SolutionProperties) = preSolution
		HideSolutionNode = FALSE
	EndGlobalSection
	GlobalSection(NestedProjects) = preSolution
		{26CEC4CD-751F-4064-918F-C876C1A83E40} = {42FF79DD-DF9D-4741-BAA5-48D4B8C951C8}
		{A8EDC2B9-3385-4198-A720-5DF3DB804C43} = {42FF79DD-DF9D-4741-BAA5-48D4B8C951C8}
		{313A9EFC-9B4D-4082-A54F-88D78D458A0D} = {42FF79DD-DF9D-4741-BAA5-48D4B8C951C8}
		{B79F3A01-5AB6-4E0A-A06F-70BBFD6EBEDC} = {42FF79DD-DF9D-4741-BAA5-48D4B8C951C8}
		{8A78D961-AFBB-4C7B-940F-81C944C50E3E} = {42FF79DD-DF9D-4741-BAA5-48D4B8C951C8}
		{6AFF03A6-E323-49ED-82D5-E1F9115296D6} = {76006D6F-04F7-4F7D-BAF3-A7E07ACE9E92}
		{22494344-D078-4AF7-A009-FE418B328145} = {76006D6F-04F7-4F7D-BAF3-A7E07ACE9E92}
		{1AD61D4E-A9D3-498C-89FB-312A40FA2094} = {76006D6F-04F7-4F7D-BAF3-A7E07ACE9E92}
		{CF044ECE-2A8F-4C12-AF3E-3C8FA2A8B587} = {76006D6F-04F7-4F7D-BAF3-A7E07ACE9E92}
		{914B4FB7-9859-4181-B05E-D2DC6E634B33} = {76006D6F-04F7-4F7D-BAF3-A7E07ACE9E92}
		{76006D6F-04F7-4F7D-BAF3-A7E07ACE9E92} = {42FF79DD-DF9D-4741-BAA5-48D4B8C951C8}
		{0FF133DE-589D-4787-8BC0-8B98CDDE78A2} = {76006D6F-04F7-4F7D-BAF3-A7E07ACE9E92}
		{A7818214-8F0B-4265-98C9-A48C34811E56} = {17477B1D-BA50-44FD-A176-08266A892DD7}
		{CBF0507F-8C07-498A-91F5-E3E65ABADC5E} = {17477B1D-BA50-44FD-A176-08266A892DD7}
	EndGlobalSection
	GlobalSection(ExtensibilityGlobals) = postSolution
		SolutionGuid = {30EF80E0-6BF8-4368-9F65-1BF883B890D8}
	EndGlobalSection
EndGlobal
